
Microsoft Visual Studio Solution File, Format Version 12.00
# Visual Studio Version 17
VisualStudioVersion = 17.0.32112.339
MinimumVisualStudioVersion = 10.0.40219.1
Project("{9A19103F-16F7-4668-BE54-9A1E7A4F7556}") = "FinanceApp.Api", "FinancasAPI\FinanceApp.Api.csproj", "{7E704F14-0BF7-4473-9C58-5F8C1FA4C724}"
EndProject
Project("{9A19103F-16F7-4668-BE54-9A1E7A4F7556}") = "FinanceApp.Resources", "Resources\FinanceApp.Resources.csproj", "{0C281B8B-6BA5-4773-A9CE-D69376E2BEA2}"
EndProject
Project("{2150E333-8FDC-42A3-9474-1A3956D46DE8}") = "Solution Items", "Solution Items", "{37270AB6-0500-40A8-9161-60327769301D}"
EndProject
Project("{9A19103F-16F7-4668-BE54-9A1E7A4F7556}") = "FinanceApp.Util", "Util\FinanceApp.Util.csproj", "{B24DFA76-43BE-4815-A73F-705D1B75CF9D}"
EndProject
Global
	GlobalSection(SolutionConfigurationPlatforms) = preSolution
		Debug|Any CPU = Debug|Any CPU
		Release|Any CPU = Release|Any CPU
	EndGlobalSection
	GlobalSection(ProjectConfigurationPlatforms) = postSolution
		{7E704F14-0BF7-4473-9C58-5F8C1FA4C724}.Debug|Any CPU.ActiveCfg = Debug|Any CPU
		{7E704F14-0BF7-4473-9C58-5F8C1FA4C724}.Debug|Any CPU.Build.0 = Debug|Any CPU
		{7E704F14-0BF7-4473-9C58-5F8C1FA4C724}.Release|Any CPU.ActiveCfg = Release|Any CPU
		{7E704F14-0BF7-4473-9C58-5F8C1FA4C724}.Release|Any CPU.Build.0 = Release|Any CPU
		{0C281B8B-6BA5-4773-A9CE-D69376E2BEA2}.Debug|Any CPU.ActiveCfg = Debug|Any CPU
		{0C281B8B-6BA5-4773-A9CE-D69376E2BEA2}.Debug|Any CPU.Build.0 = Debug|Any CPU
		{0C281B8B-6BA5-4773-A9CE-D69376E2BEA2}.Release|Any CPU.ActiveCfg = Release|Any CPU
		{0C281B8B-6BA5-4773-A9CE-D69376E2BEA2}.Release|Any CPU.Build.0 = Release|Any CPU
		{B24DFA76-43BE-4815-A73F-705D1B75CF9D}.Debug|Any CPU.ActiveCfg = Debug|Any CPU
		{B24DFA76-43BE-4815-A73F-705D1B75CF9D}.Debug|Any CPU.Build.0 = Debug|Any CPU
		{B24DFA76-43BE-4815-A73F-705D1B75CF9D}.Release|Any CPU.ActiveCfg = Release|Any CPU
		{B24DFA76-43BE-4815-A73F-705D1B75CF9D}.Release|Any CPU.Build.0 = Release|Any CPU
	EndGlobalSection
	GlobalSection(SolutionProperties) = preSolution
		HideSolutionNode = FALSE
	EndGlobalSection
	GlobalSection(ExtensibilityGlobals) = postSolution
		SolutionGuid = {E32FEE91-E238-4D70-9821-9C16A2DBB59B}
	EndGlobalSection
EndGlobal
